
Microsoft Visual Studio Solution File, Format Version 12.00
# Visual Studio Version 16
VisualStudioVersion = 16.0.32228.343
MinimumVisualStudioVersion = 10.0.40219.1
Project("{FAE04EC0-301F-11D3-BF4B-00C04F79EFBC}") = "TicketingSystemAPI", "TicketingSystemAPI\TicketingSystemAPI.csproj", "{1ECB9BAB-0025-4337-A3F3-66E0F1982F7D}"
EndProject
Global
	GlobalSection(SolutionConfigurationPlatforms) = preSolution
		Debug|Any CPU = Debug|Any CPU
		Release|Any CPU = Release|Any CPU
	EndGlobalSection
	GlobalSection(ProjectConfigurationPlatforms) = postSolution
		{1ECB9BAB-0025-4337-A3F3-66E0F1982F7D}.Debug|Any CPU.ActiveCfg = Debug|Any CPU
		{1ECB9BAB-0025-4337-A3F3-66E0F1982F7D}.Debug|Any CPU.Build.0 = Debug|Any CPU
		{1ECB9BAB-0025-4337-A3F3-66E0F1982F7D}.Release|Any CPU.ActiveCfg = Release|Any CPU
		{1ECB9BAB-0025-4337-A3F3-66E0F1982F7D}.Release|Any CPU.Build.0 = Release|Any CPU
	EndGlobalSection
	GlobalSection(SolutionProperties) = preSolution
		HideSolutionNode = FALSE
	EndGlobalSection
	GlobalSection(ExtensibilityGlobals) = postSolution
		SolutionGuid = {816590AD-FADF-4CA2-BC06-3C8818277D26}
	EndGlobalSection
EndGlobal
